// !$*UTF8*$!
{
	archiveVersion = 1;
	classes = {
	};
	objectVersion = 90;
	objects = {

/* Begin PBXBuildFile section */
		121C0490302213DA00ED9B54 /* RevenueCat in Frameworks */ = {isa = PBXBuildFile; productRef = 121C048F302213DA00ED9B54 /* RevenueCat */; };
		121C0492302213DA00ED9B54 /* RevenueCatUI in Frameworks */ = {isa = PBXBuildFile; productRef = 121C0491302213DA00ED9B54 /* RevenueCatUI */; };
		12715897300D144600B14CCB /* Sharing in Frameworks */ = {isa = PBXBuildFile; productRef = 12715896300D144600B14CCB /* Sharing */; };
		12A4C609301E25CB00094D7C /* Dependencies in Frameworks */ = {isa = PBXBuildFile; productRef = 12A4C608301E25CB00094D7C /* Dependencies */; };
		12A4C60B301E25CB00094D7C /* DependenciesMacros in Frameworks */ = {isa = PBXBuildFile; productRef = 12A4C60A301E25CB00094D7C /* DependenciesMacros */; };
		12A4C610301E295200094D7C /* SQLiteData in Frameworks */ = {isa = PBXBuildFile; productRef = 12A4C60F301E295200094D7C /* SQLiteData */; };
		12A4C612301E295800094D7C /* ComposableArchitecture in Frameworks */ = {isa = PBXBuildFile; productRef = 12A4C611301E295800094D7C /* ComposableArchitecture */; };
		12A4C614301E296700094D7C /* SwiftUINavigation in Frameworks */ = {isa = PBXBuildFile; productRef = 12A4C613301E296700094D7C /* SwiftUINavigation */; };
		12B00001301F000000000001 /* DependenciesTestSupport in Frameworks */ = {isa = PBXBuildFile; productRef = 12A4C60C301E25CB00094D7C /* DependenciesTestSupport */; };
		12B00002301F000000000001 /* CustomDump in Frameworks */ = {isa = PBXBuildFile; productRef = 12B0000D301F000000000001 /* CustomDump */; };
		12C000013020000000000001 /* SupershotWidgets.appex in Embed Foundation Extensions */ = {isa = PBXBuildFile; fileRef = 12C000033020000000000001 /* SupershotWidgets.appex */; platformFilter = ios; settings = {ATTRIBUTES = (RemoveHeadersOnCopy, ); }; };
/* End PBXBuildFile section */

/* Begin PBXContainerItemProxy section */
		12B0000E301F000000000001 /* PBXContainerItemProxy */ = {
			isa = PBXContainerItemProxy;
			containerPortal = 000000000000000000000000 /* Project object */;
			proxyType = 1;
			remoteGlobalIDString = 000000000000000100000000;
			remoteInfo = Netscore;
		};
		12C000023020000000000001 /* PBXContainerItemProxy */ = {
			isa = PBXContainerItemProxy;
			containerPortal = 000000000000000000000000 /* Project object */;
			proxyType = 1;
			remoteGlobalIDString = 12C000073020000000000001;
			remoteInfo = SupershotWidgets;
		};
/* End PBXContainerItemProxy section */

/* Begin PBXCopyFilesBuildPhase section */
		12C0000A3020000000000001 /* Embed Foundation Extensions */ = {
			isa = PBXCopyFilesBuildPhase;
			dstPath = "";
			dstSubfolder = PlugIns;
			files = (
				12C000013020000000000001 /* SupershotWidgets.appex in Embed Foundation Extensions */,
			);
			name = "Embed Foundation Extensions";
		};
/* End PBXCopyFilesBuildPhase section */

/* Begin PBXFileReference section */
		000000000000000000000120 /* Supershot.app */ = {isa = PBXFileReference; explicitFileType = wrapper.application; includeInIndex = 0; path = Supershot.app; sourceTree = BUILT_PRODUCTS_DIR; };
		12B00003301F000000000001 /* SupershotTests.xctest */ = {isa = PBXFileReference; explicitFileType = wrapper.cfbundle; includeInIndex = 0; path = SupershotTests.xctest; sourceTree = BUILT_PRODUCTS_DIR; };
		12C000033020000000000001 /* SupershotWidgets.appex */ = {isa = PBXFileReference; explicitFileType = "wrapper.app-extension"; includeInIndex = 0; path = SupershotWidgets.appex; sourceTree = BUILT_PRODUCTS_DIR; };
/* End PBXFileReference section */

/* Begin PBXFileSystemSynchronizedBuildFileExceptionSet section */
		12C0000F3020000000000001 /* Exceptions for "Supershot" folder in "Supershot" target */ = {
			isa = PBXFileSystemSynchronizedBuildFileExceptionSet;
			membershipExceptions = (
				Info.plist,
			);
			target = 000000000000000100000000 /* Supershot */;
		};
		12C000103020000000000001 /* Exceptions for "SupershotWidgets" folder in "SupershotWidgets" target */ = {
			isa = PBXFileSystemSynchronizedBuildFileExceptionSet;
			membershipExceptions = (
				Info.plist,
			);
			target = 12C000073020000000000001 /* SupershotWidgets */;
		};
		12FBA5EC302647BA0000AF1C /* Exceptions for "Supershot" folder in "SupershotWidgets" target */ = {
			isa = PBXFileSystemSynchronizedBuildFileExceptionSet;
			membershipExceptions = (
				AvatarView.swift,
			);
			target = 12C000073020000000000001 /* SupershotWidgets */;
		};
/* End PBXFileSystemSynchronizedBuildFileExceptionSet section */

/* Begin PBXFileSystemSynchronizedRootGroup section */
		000000000000000000000010 /* Supershot */ = {
			isa = PBXFileSystemSynchronizedRootGroup;
			exceptions = (
				12C0000F3020000000000001 /* Exceptions for "Supershot" folder in "Supershot" target */,
				12FBA5EC302647BA0000AF1C /* Exceptions for "Supershot" folder in "SupershotWidgets" target */,
			);
			path = Supershot;
			sourceTree = "<group>";
		};
		12B00004301F000000000001 /* SupershotTests */ = {
			isa = PBXFileSystemSynchronizedRootGroup;
			path = SupershotTests;
			sourceTree = "<group>";
		};
		12C000043020000000000001 /* SupershotShared */ = {
			isa = PBXFileSystemSynchronizedRootGroup;
			path = SupershotShared;
			sourceTree = "<group>";
		};
		12C000053020000000000001 /* SupershotWidgets */ = {
			isa = PBXFileSystemSynchronizedRootGroup;
			exceptions = (
				12C000103020000000000001 /* Exceptions for "SupershotWidgets" folder in "SupershotWidgets" target */,
			);
			path = SupershotWidgets;
			sourceTree = "<group>";
		};
/* End PBXFileSystemSynchronizedRootGroup section */

/* Begin PBXFrameworksBuildPhase section */
		000000000000000130000000 /* Frameworks */ = {
			isa = PBXFrameworksBuildPhase;
			files = (
				12715897300D144600B14CCB /* Sharing in Frameworks */,
				12A4C609301E25CB00094D7C /* Dependencies in Frameworks */,
				121C0490302213DA00ED9B54 /* RevenueCat in Frameworks */,
				12A4C612301E295800094D7C /* ComposableArchitecture in Frameworks */,
				121C0492302213DA00ED9B54 /* RevenueCatUI in Frameworks */,
				12A4C610301E295200094D7C /* SQLiteData in Frameworks */,
				12A4C60B301E25CB00094D7C /* DependenciesMacros in Frameworks */,
				12A4C614301E296700094D7C /* SwiftUINavigation in Frameworks */,
			);
		};
		12B00005301F000000000001 /* Frameworks */ = {
			isa = PBXFrameworksBuildPhase;
			files = (
				12B00001301F000000000001 /* DependenciesTestSupport in Frameworks */,
				12B00002301F000000000001 /* CustomDump in Frameworks */,
			);
		};
		12C000063020000000000001 /* Frameworks */ = {
			isa = PBXFrameworksBuildPhase;
			files = (
			);
		};
/* End PBXFrameworksBuildPhase section */

/* Begin PBXGroup section */
		000000000000000000000001 = {
			isa = PBXGroup;
			children = (
				000000000000000000000010 /* Supershot */,
				12C000043020000000000001 /* SupershotShared */,
				12C000053020000000000001 /* SupershotWidgets */,
				12B00004301F000000000001 /* SupershotTests */,
				12A4C60E301E295200094D7C /* Frameworks */,
				000000000000000000000020 /* Products */,
			);
			sourceTree = "<group>";
		};
		000000000000000000000020 /* Products */ = {
			isa = PBXGroup;
			children = (
				000000000000000000000120 /* Supershot.app */,
				12C000033020000000000001 /* SupershotWidgets.appex */,
				12B00003301F000000000001 /* SupershotTests.xctest */,
			);
			name = Products;
			sourceTree = "<group>";
		};
		12A4C60E301E295200094D7C /* Frameworks */ = {
			isa = PBXGroup;
			children = (
			);
			name = Frameworks;
			sourceTree = "<group>";
		};
/* End PBXGroup section */

/* Begin PBXNativeTarget section */
		000000000000000100000000 /* Supershot */ = {
			isa = PBXNativeTarget;
			buildConfigurationList = 000000000000000110000000 /* Build configuration list for PBXNativeTarget "Supershot" */;
			buildPhases = (
				000000000000000120000000 /* Sources */,
				000000000000000130000000 /* Frameworks */,
				000000000000000140000000 /* Resources */,
				12C0000A3020000000000001 /* Embed Foundation Extensions */,
			);
			buildRules = (
			);
			dependencies = (
				12C0000B3020000000000001 /* PBXTargetDependency */,
			);
			fileSystemSynchronizedGroups = (
				000000000000000000000010 /* Supershot */,
				12C000043020000000000001 /* SupershotShared */,
			);
			name = Supershot;
			packageProductDependencies = (
				12715896300D144600B14CCB /* Sharing */,
				12A4C608301E25CB00094D7C /* Dependencies */,
				12A4C60A301E25CB00094D7C /* DependenciesMacros */,
				12A4C60F301E295200094D7C /* SQLiteData */,
				12A4C611301E295800094D7C /* ComposableArchitecture */,
				12A4C613301E296700094D7C /* SwiftUINavigation */,
				121C048F302213DA00ED9B54 /* RevenueCat */,
				121C0491302213DA00ED9B54 /* RevenueCatUI */,
			);
			productName = MyApp;
			productReference = 000000000000000000000120 /* Supershot.app */;
			productType = "com.apple.product-type.application";
		};
		12B00006301F000000000001 /* SupershotTests */ = {
			isa = PBXNativeTarget;
			buildConfigurationList = 12B0000A301F000000000001 /* Build configuration list for PBXNativeTarget "SupershotTests" */;
			buildPhases = (
				12B00007301F000000000001 /* Sources */,
				12B00005301F000000000001 /* Frameworks */,
				12B00008301F000000000001 /* Resources */,
			);
			buildRules = (
			);
			dependencies = (
				12B0000F301F000000000001 /* PBXTargetDependency */,
			);
			fileSystemSynchronizedGroups = (
				12B00004301F000000000001 /* SupershotTests */,
			);
			name = SupershotTests;
			packageProductDependencies = (
				12A4C60C301E25CB00094D7C /* DependenciesTestSupport */,
				12B0000D301F000000000001 /* CustomDump */,
			);
			productName = NetscoreTests;
			productReference = 12B00003301F000000000001 /* SupershotTests.xctest */;
			productType = "com.apple.product-type.bundle.unit-test";
		};
		12C000073020000000000001 /* SupershotWidgets */ = {
			isa = PBXNativeTarget;
			buildConfigurationList = 12C0000E3020000000000001 /* Build configuration list for PBXNativeTarget "SupershotWidgets" */;
			buildPhases = (
				12C000093020000000000001 /* Sources */,
				12C000063020000000000001 /* Frameworks */,
				12C000083020000000000001 /* Resources */,
			);
			buildRules = (
			);
			fileSystemSynchronizedGroups = (
				12C000043020000000000001 /* SupershotShared */,
				12C000053020000000000001 /* SupershotWidgets */,
			);
			name = SupershotWidgets;
			productName = SupershotWidgets;
			productReference = 12C000033020000000000001 /* SupershotWidgets.appex */;
			productType = "com.apple.product-type.app-extension";
		};
/* End PBXNativeTarget section */

/* Begin PBXProject section */
		000000000000000000000000 /* Project object */ = {
			isa = PBXProject;
			attributes = {
				BuildIndependentTargetsInParallel = 1;
				LastSwiftUpdateCheck = 2630;
				LastUpgradeCheck = 2700;
				TargetAttributes = {
					000000000000000100000000 = {
						CreatedOnToolsVersion = 26.3;
					};
					12B00006301F000000000001 = {
						CreatedOnToolsVersion = 26.3;
						TestTargetID = 000000000000000100000000;
					};
					12C000073020000000000001 = {
						CreatedOnToolsVersion = 27.0;
					};
				};
			};
			buildConfigurationList = 000000000000000010000000 /* Build configuration list for PBXProject "Supershot" */;
			developmentRegion = en;
			hasScannedForEncodings = 0;
			knownRegions = (
				en,
				Base,
			);
			mainGroup = 000000000000000000000001;
			minimizedProjectReferenceProxies = 1;
			packageReferences = (
				1271588D300BEFFD00B14CCB /* XCRemoteSwiftPackageReference "swift-composable-architecture" */,
				12715894300D140800B14CCB /* XCRemoteSwiftPackageReference "swift-navigation" */,
				12715895300D144600B14CCB /* XCRemoteSwiftPackageReference "swift-sharing" */,
				12A4C5FA301E253000094D7C /* XCRemoteSwiftPackageReference "sqlite-data" */,
				12A4C607301E25CB00094D7C /* XCRemoteSwiftPackageReference "swift-dependencies" */,
				12B0000C301F000000000001 /* XCRemoteSwiftPackageReference "swift-custom-dump" */,
				121C048E302213DA00ED9B54 /* XCRemoteSwiftPackageReference "purchases-ios-spm" */,
			);
			preferredProjectObjectVersion = 90;
			productRefGroup = 000000000000000000000020 /* Products */;
			projectDirPath = "";
			projectRoot = "";
			targets = (
				000000000000000100000000 /* Supershot */,
				12C000073020000000000001 /* SupershotWidgets */,
				12B00006301F000000000001 /* SupershotTests */,
			);
		};
/* End PBXProject section */

/* Begin PBXResourcesBuildPhase section */
		000000000000000140000000 /* Resources */ = {
			isa = PBXResourcesBuildPhase;
			files = (
			);
		};
		12B00008301F000000000001 /* Resources */ = {
			isa = PBXResourcesBuildPhase;
			files = (
			);
		};
		12C000083020000000000001 /* Resources */ = {
			isa = PBXResourcesBuildPhase;
			files = (
			);
		};
/* End PBXResourcesBuildPhase section */

/* Begin PBXSourcesBuildPhase section */
		000000000000000120000000 /* Sources */ = {
			isa = PBXSourcesBuildPhase;
			files = (
			);
		};
		12B00007301F000000000001 /* Sources */ = {
			isa = PBXSourcesBuildPhase;
			files = (
			);
		};
		12C000093020000000000001 /* Sources */ = {
			isa = PBXSourcesBuildPhase;
			files = (
			);
		};
/* End PBXSourcesBuildPhase section */

/* Begin PBXTargetDependency section */
		12B0000F301F000000000001 /* PBXTargetDependency */ = {
			isa = PBXTargetDependency;
			target = 000000000000000100000000 /* Supershot */;
			targetProxy = 12B0000E301F000000000001 /* PBXContainerItemProxy */;
		};
		12C0000B3020000000000001 /* PBXTargetDependency */ = {
			isa = PBXTargetDependency;
			platformFilter = ios;
			target = 12C000073020000000000001 /* SupershotWidgets */;
			targetProxy = 12C000023020000000000001 /* PBXContainerItemProxy */;
		};
/* End PBXTargetDependency section */

/* Begin XCBuildConfiguration section */
		000000000000000011000000 /* Debug configuration for PBXProject "Supershot" */ = {
			isa = XCBuildConfiguration;
			buildSettings = {
				ALWAYS_SEARCH_USER_PATHS = NO;
				APPLETVOS_DEPLOYMENT_TARGET = 27.0;
				ASSETCATALOG_COMPILER_GENERATE_SWIFT_ASSET_SYMBOL_EXTENSIONS = YES;
				CLANG_ANALYZER_NONNULL = YES;
				CLANG_ANALYZER_NUMBER_OBJECT_CONVERSION = YES_AGGRESSIVE;
				CLANG_CXX_LANGUAGE_STANDARD = "gnu++20";
				CLANG_ENABLE_MODULES = YES;
				CLANG_ENABLE_OBJC_ARC = YES;
				CLANG_ENABLE_OBJC_WEAK = YES;
				CLANG_WARN_BLOCK_CAPTURE_AUTORELEASING = YES;
				CLANG_WARN_BOOL_CONVERSION = YES;
				CLANG_WARN_COMMA = YES;
				CLANG_WARN_CONSTANT_CONVERSION = YES;
				CLANG_WARN_DEPRECATED_OBJC_IMPLEMENTATIONS = YES;
				CLANG_WARN_DIRECT_OBJC_ISA_USAGE = YES_ERROR;
				CLANG_WARN_DOCUMENTATION_COMMENTS = YES;
				CLANG_WARN_EMPTY_BODY = YES;
				CLANG_WARN_ENUM_CONVERSION = YES;
				CLANG_WARN_INFINITE_RECURSION = YES;
				CLANG_WARN_INT_CONVERSION = YES;
				CLANG_WARN_NON_LITERAL_NULL_CONVERSION = YES;
				CLANG_WARN_OBJC_IMPLICIT_RETAIN_SELF = YES;
				CLANG_WARN_OBJC_LITERAL_CONVERSION = YES;
				CLANG_WARN_OBJC_ROOT_CLASS = YES_ERROR;
				CLANG_WARN_QUOTED_INCLUDE_IN_FRAMEWORK_HEADER = YES;
				CLANG_WARN_RANGE_LOOP_ANALYSIS = YES;
				CLANG_WARN_STRICT_PROTOTYPES = YES;
				CLANG_WARN_SUSPICIOUS_MOVE = YES;
				CLANG_WARN_UNGUARDED_AVAILABILITY = YES_AGGRESSIVE;
				CLANG_WARN_UNREACHABLE_CODE = YES;
				CLANG_WARN__DUPLICATE_METHOD_MATCH = YES;
				COPY_PHASE_STRIP = NO;
				DEAD_CODE_STRIPPING = YES;
				DEBUG_INFORMATION_FORMAT = dwarf;
				DRIVERKIT_DEPLOYMENT_TARGET = 27.0;
				ENABLE_STRICT_OBJC_MSGSEND = YES;
				ENABLE_TESTABILITY = YES;
				ENABLE_USER_SCRIPT_SANDBOXING = YES;
				GCC_C_LANGUAGE_STANDARD = gnu17;
				GCC_DYNAMIC_NO_PIC = NO;
				GCC_NO_COMMON_BLOCKS = YES;
				GCC_OPTIMIZATION_LEVEL = 0;
				GCC_PREPROCESSOR_DEFINITIONS = (
					"DEBUG=1",
					"$(inherited)",
				);
				GCC_WARN_64_TO_32_BIT_CONVERSION = YES;
				GCC_WARN_ABOUT_RETURN_TYPE = YES_ERROR;
				GCC_WARN_UNDECLARED_SELECTOR = YES;
				GCC_WARN_UNINITIALIZED_AUTOS = YES_AGGRESSIVE;
				GCC_WARN_UNUSED_FUNCTION = YES;
				GCC_WARN_UNUSED_VARIABLE = YES;
				IPHONEOS_DEPLOYMENT_TARGET = 27.0;
				LOCALIZATION_PREFERS_STRING_CATALOGS = YES;
				MACOSX_DEPLOYMENT_TARGET = 27.0;
				MTL_ENABLE_DEBUG_INFO = INCLUDE_SOURCE;
				MTL_FAST_MATH = YES;
				ONLY_ACTIVE_ARCH = YES;
				PROJECT_UNIQUE_VALUE = YJX2U7ZE;
				STRING_CATALOG_GENERATE_SYMBOLS = YES;
				SWIFT_ACTIVE_COMPILATION_CONDITIONS = "DEBUG $(inherited)";
				SWIFT_OPTIMIZATION_LEVEL = "-Onone";
				WATCHOS_DEPLOYMENT_TARGET = 27.0;
				XROS_DEPLOYMENT_TARGET = 27.0;
			};
			name = Debug;
		};
		000000000000000012000000 /* Release configuration for PBXProject "Supershot" */ = {
			isa = XCBuildConfiguration;
			buildSettings = {
				ALWAYS_SEARCH_USER_PATHS = NO;
				APPLETVOS_DEPLOYMENT_TARGET = 27.0;
				ASSETCATALOG_COMPILER_GENERATE_SWIFT_ASSET_SYMBOL_EXTENSIONS = YES;
				CLANG_ANALYZER_NONNULL = YES;
				CLANG_ANALYZER_NUMBER_OBJECT_CONVERSION = YES_AGGRESSIVE;
				CLANG_CXX_LANGUAGE_STANDARD = "gnu++20";
				CLANG_ENABLE_MODULES = YES;
				CLANG_ENABLE_OBJC_ARC = YES;
				CLANG_ENABLE_OBJC_WEAK = YES;
				CLANG_WARN_BLOCK_CAPTURE_AUTORELEASING = YES;
				CLANG_WARN_BOOL_CONVERSION = YES;
				CLANG_WARN_COMMA = YES;
				CLANG_WARN_CONSTANT_CONVERSION = YES;
				CLANG_WARN_DEPRECATED_OBJC_IMPLEMENTATIONS = YES;
				CLANG_WARN_DIRECT_OBJC_ISA_USAGE = YES_ERROR;
				CLANG_WARN_DOCUMENTATION_COMMENTS = YES;
				CLANG_WARN_EMPTY_BODY = YES;
				CLANG_WARN_ENUM_CONVERSION = YES;
				CLANG_WARN_INFINITE_RECURSION = YES;
				CLANG_WARN_INT_CONVERSION = YES;
				CLANG_WARN_NON_LITERAL_NULL_CONVERSION = YES;
				CLANG_WARN_OBJC_IMPLICIT_RETAIN_SELF = YES;
				CLANG_WARN_OBJC_LITERAL_CONVERSION = YES;
				CLANG_WARN_OBJC_ROOT_CLASS = YES_ERROR;
				CLANG_WARN_QUOTED_INCLUDE_IN_FRAMEWORK_HEADER = YES;
				CLANG_WARN_RANGE_LOOP_ANALYSIS = YES;
				CLANG_WARN_STRICT_PROTOTYPES = YES;
				CLANG_WARN_SUSPICIOUS_MOVE = YES;
				CLANG_WARN_UNGUARDED_AVAILABILITY = YES_AGGRESSIVE;
				CLANG_WARN_UNREACHABLE_CODE = YES;
				CLANG_WARN__DUPLICATE_METHOD_MATCH = YES;
				COPY_PHASE_STRIP = NO;
				DEAD_CODE_STRIPPING = YES;
				DEBUG_INFORMATION_FORMAT = "dwarf-with-dsym";
				DRIVERKIT_DEPLOYMENT_TARGET = 27.0;
				ENABLE_NS_ASSERTIONS = NO;
				ENABLE_STRICT_OBJC_MSGSEND = YES;
				ENABLE_USER_SCRIPT_SANDBOXING = YES;
				GCC_C_LANGUAGE_STANDARD = gnu17;
				GCC_NO_COMMON_BLOCKS = YES;
				GCC_WARN_64_TO_32_BIT_CONVERSION = YES;
				GCC_WARN_ABOUT_RETURN_TYPE = YES_ERROR;
				GCC_WARN_UNDECLARED_SELECTOR = YES;
				GCC_WARN_UNINITIALIZED_AUTOS = YES_AGGRESSIVE;
				GCC_WARN_UNUSED_FUNCTION = YES;
				GCC_WARN_UNUSED_VARIABLE = YES;
				IPHONEOS_DEPLOYMENT_TARGET = 27.0;
				LOCALIZATION_PREFERS_STRING_CATALOGS = YES;
				MACOSX_DEPLOYMENT_TARGET = 27.0;
				MTL_ENABLE_DEBUG_INFO = NO;
				MTL_FAST_MATH = YES;
				PROJECT_UNIQUE_VALUE = YJX2U7ZE;
				STRING_CATALOG_GENERATE_SYMBOLS = YES;
				SWIFT_COMPILATION_MODE = wholemodule;
				WATCHOS_DEPLOYMENT_TARGET = 27.0;
				XROS_DEPLOYMENT_TARGET = 27.0;
			};
			name = Release;
		};
		000000000000000111000000 /* Debug configuration for PBXNativeTarget "Supershot" */ = {
			isa = XCBuildConfiguration;
			buildSettings = {
				ASSETCATALOG_COMPILER_APPICON_NAME = SupershotCourt;
				CODE_SIGN_STYLE = Automatic;
				CURRENT_PROJECT_VERSION = 1;
				DEVELOPMENT_TEAM = 82882Y54S7;
				ENABLE_APP_SANDBOX = YES;
				ENABLE_PREVIEWS = YES;
				ENABLE_USER_SELECTED_FILES = readonly;
				GENERATE_INFOPLIST_FILE = YES;
				INFOPLIST_FILE = Supershot/Info.plist;
				INFOPLIST_KEY_CFBundleDisplayName = Supershot;
				INFOPLIST_KEY_LSApplicationCategoryType = "public.app-category.sports";
				"INFOPLIST_KEY_UIApplicationSceneManifest_Generation[sdk=iphoneos*]" = YES;
				"INFOPLIST_KEY_UIApplicationSceneManifest_Generation[sdk=iphonesimulator*]" = YES;
				"INFOPLIST_KEY_UIApplicationSupportsIndirectInputEvents[sdk=iphoneos*]" = YES;
				"INFOPLIST_KEY_UIApplicationSupportsIndirectInputEvents[sdk=iphonesimulator*]" = YES;
				"INFOPLIST_KEY_UILaunchScreen_Generation[sdk=iphoneos*]" = YES;
				"INFOPLIST_KEY_UILaunchScreen_Generation[sdk=iphonesimulator*]" = YES;
				"INFOPLIST_KEY_UIStatusBarStyle[sdk=iphoneos*]" = UIStatusBarStyleDefault;
				"INFOPLIST_KEY_UIStatusBarStyle[sdk=iphonesimulator*]" = UIStatusBarStyleDefault;
				INFOPLIST_KEY_UISupportedInterfaceOrientations_iPad = "UIInterfaceOrientationPortrait UIInterfaceOrientationPortraitUpsideDown UIInterfaceOrientationLandscapeLeft UIInterfaceOrientationLandscapeRight";
				INFOPLIST_KEY_UISupportedInterfaceOrientations_iPhone = "UIInterfaceOrientationPortrait UIInterfaceOrientationLandscapeLeft UIInterfaceOrientationLandscapeRight";
				LD_RUNPATH_SEARCH_PATHS = "@executable_path/Frameworks";
				"LD_RUNPATH_SEARCH_PATHS[sdk=macosx*]" = "@executable_path/../Frameworks";
				MARKETING_VERSION = 1.0;
				PRODUCT_BUNDLE_IDENTIFIER = nz.lapworth.Supershot;
				PRODUCT_NAME = "$(TARGET_NAME)";
				REGISTER_APP_GROUPS = YES;
				SDKROOT = auto;
				STRING_CATALOG_GENERATE_SYMBOLS = YES;
				SUPPORTED_PLATFORMS = "iphoneos iphonesimulator macosx xros xrsimulator";
				SWIFT_APPROACHABLE_CONCURRENCY = YES;
				SWIFT_DEFAULT_ACTOR_ISOLATION = MainActor;
				SWIFT_EMIT_LOC_STRINGS = YES;
				SWIFT_UPCOMING_FEATURE_MEMBER_IMPORT_VISIBILITY = YES;
				SWIFT_VERSION = 5.0;
				TARGETED_DEVICE_FAMILY = "1,2,7";
			};
			name = Debug;
		};
		000000000000000112000000 /* Release configuration for PBXNativeTarget "Supershot" */ = {
			isa = XCBuildConfiguration;
			buildSettings = {
				ASSETCATALOG_COMPILER_APPICON_NAME = SupershotCourt;
				CODE_SIGN_STYLE = Automatic;
				CURRENT_PROJECT_VERSION = 1;
				DEVELOPMENT_TEAM = 82882Y54S7;
				ENABLE_APP_SANDBOX = YES;
				ENABLE_PREVIEWS = YES;
				ENABLE_USER_SELECTED_FILES = readonly;
				GENERATE_INFOPLIST_FILE = YES;
				INFOPLIST_FILE = Supershot/Info.plist;
				INFOPLIST_KEY_CFBundleDisplayName = Supershot;
				INFOPLIST_KEY_LSApplicationCategoryType = "public.app-category.sports";
				"INFOPLIST_KEY_UIApplicationSceneManifest_Generation[sdk=iphoneos*]" = YES;
				"INFOPLIST_KEY_UIApplicationSceneManifest_Generation[sdk=iphonesimulator*]" = YES;
				"INFOPLIST_KEY_UIApplicationSupportsIndirectInputEvents[sdk=iphoneos*]" = YES;
				"INFOPLIST_KEY_UIApplicationSupportsIndirectInputEvents[sdk=iphonesimulator*]" = YES;
				"INFOPLIST_KEY_UILaunchScreen_Generation[sdk=iphoneos*]" = YES;
				"INFOPLIST_KEY_UILaunchScreen_Generation[sdk=iphonesimulator*]" = YES;
				"INFOPLIST_KEY_UIStatusBarStyle[sdk=iphoneos*]" = UIStatusBarStyleDefault;
				"INFOPLIST_KEY_UIStatusBarStyle[sdk=iphonesimulator*]" = UIStatusBarStyleDefault;
				INFOPLIST_KEY_UISupportedInterfaceOrientations_iPad = "UIInterfaceOrientationPortrait UIInterfaceOrientationPortraitUpsideDown UIInterfaceOrientationLandscapeLeft UIInterfaceOrientationLandscapeRight";
				INFOPLIST_KEY_UISupportedInterfaceOrientations_iPhone = "UIInterfaceOrientationPortrait UIInterfaceOrientationLandscapeLeft UIInterfaceOrientationLandscapeRight";
				LD_RUNPATH_SEARCH_PATHS = "@executable_path/Frameworks";
				"LD_RUNPATH_SEARCH_PATHS[sdk=macosx*]" = "@executable_path/../Frameworks";
				MARKETING_VERSION = 1.0;
				PRODUCT_BUNDLE_IDENTIFIER = nz.lapworth.Supershot;
				PRODUCT_NAME = "$(TARGET_NAME)";
				REGISTER_APP_GROUPS = YES;
				SDKROOT = auto;
				STRING_CATALOG_GENERATE_SYMBOLS = YES;
				SUPPORTED_PLATFORMS = "iphoneos iphonesimulator macosx xros xrsimulator";
				SWIFT_APPROACHABLE_CONCURRENCY = YES;
				SWIFT_DEFAULT_ACTOR_ISOLATION = MainActor;
				SWIFT_EMIT_LOC_STRINGS = YES;
				SWIFT_UPCOMING_FEATURE_MEMBER_IMPORT_VISIBILITY = YES;
				SWIFT_VERSION = 5.0;
				TARGETED_DEVICE_FAMILY = "1,2,7";
			};
			name = Release;
		};
		12B00010301F000000000001 /* Debug configuration for PBXNativeTarget "SupershotTests" */ = {
			isa = XCBuildConfiguration;
			buildSettings = {
				BUNDLE_LOADER = "$(TEST_HOST)";
				CODE_SIGN_STYLE = Automatic;
				CURRENT_PROJECT_VERSION = 1;
				GENERATE_INFOPLIST_FILE = YES;
				LD_RUNPATH_SEARCH_PATHS = (
					"$(inherited)",
					"@executable_path/Frameworks",
					"@loader_path/Frameworks",
				);
				MARKETING_VERSION = 1.0;
				PRODUCT_BUNDLE_IDENTIFIER = "devplaceholder.$(PROJECT_UNIQUE_VALUE:identifier).NetscoreTests";
				PRODUCT_NAME = "$(TARGET_NAME)";
				SDKROOT = auto;
				SUPPORTED_PLATFORMS = "iphoneos iphonesimulator macosx xros xrsimulator";
				SWIFT_APPROACHABLE_CONCURRENCY = YES;
				SWIFT_DEFAULT_ACTOR_ISOLATION = MainActor;
				SWIFT_EMIT_LOC_STRINGS = NO;
				SWIFT_UPCOMING_FEATURE_MEMBER_IMPORT_VISIBILITY = YES;
				SWIFT_VERSION = 5.0;
				TARGETED_DEVICE_FAMILY = "1,2,7";
				TEST_HOST = "$(BUILT_PRODUCTS_DIR)/Supershot.app/$(BUNDLE_EXECUTABLE_FOLDER_PATH)/Supershot";
			};
			name = Debug;
		};
		12B00011301F000000000001 /* Release configuration for PBXNativeTarget "SupershotTests" */ = {
			isa = XCBuildConfiguration;
			buildSettings = {
				BUNDLE_LOADER = "$(TEST_HOST)";
				CODE_SIGN_STYLE = Automatic;
				CURRENT_PROJECT_VERSION = 1;
				GENERATE_INFOPLIST_FILE = YES;
				LD_RUNPATH_SEARCH_PATHS = (
					"$(inherited)",
					"@executable_path/Frameworks",
					"@loader_path/Frameworks",
				);
				MARKETING_VERSION = 1.0;
				PRODUCT_BUNDLE_IDENTIFIER = "devplaceholder.$(PROJECT_UNIQUE_VALUE:identifier).NetscoreTests";
				PRODUCT_NAME = "$(TARGET_NAME)";
				SDKROOT = auto;
				SUPPORTED_PLATFORMS = "iphoneos iphonesimulator macosx xros xrsimulator";
				SWIFT_APPROACHABLE_CONCURRENCY = YES;
				SWIFT_DEFAULT_ACTOR_ISOLATION = MainActor;
				SWIFT_EMIT_LOC_STRINGS = NO;
				SWIFT_UPCOMING_FEATURE_MEMBER_IMPORT_VISIBILITY = YES;
				SWIFT_VERSION = 5.0;
				TARGETED_DEVICE_FAMILY = "1,2,7";
				TEST_HOST = "$(BUILT_PRODUCTS_DIR)/Supershot.app/$(BUNDLE_EXECUTABLE_FOLDER_PATH)/Supershot";
			};
			name = Release;
		};
		12C0000C3020000000000001 /* Debug configuration for PBXNativeTarget "SupershotWidgets" */ = {
			isa = XCBuildConfiguration;
			buildSettings = {
				APPLICATION_EXTENSION_API_ONLY = YES;
				CODE_SIGN_STYLE = Automatic;
				CURRENT_PROJECT_VERSION = 1;
				DEVELOPMENT_TEAM = 82882Y54S7;
				GENERATE_INFOPLIST_FILE = YES;
				INFOPLIST_FILE = SupershotWidgets/Info.plist;
				IPHONEOS_DEPLOYMENT_TARGET = 27.0;
				LD_RUNPATH_SEARCH_PATHS = (
					"$(inherited)",
					"@executable_path/Frameworks",
					"@executable_path/../../Frameworks",
				);
				MARKETING_VERSION = 1.0;
				PRODUCT_BUNDLE_IDENTIFIER = nz.lapworth.Supershot.Widgets;
				PRODUCT_NAME = "$(TARGET_NAME)";
				SDKROOT = iphoneos;
				SKIP_INSTALL = YES;
				STRING_CATALOG_GENERATE_SYMBOLS = YES;
				SUPPORTED_PLATFORMS = "iphoneos iphonesimulator";
				SWIFT_ACTIVE_COMPILATION_CONDITIONS = "WIDGET_EXTENSION $(inherited)";
				SWIFT_APPROACHABLE_CONCURRENCY = YES;
				SWIFT_DEFAULT_ACTOR_ISOLATION = MainActor;
				SWIFT_EMIT_LOC_STRINGS = YES;
				SWIFT_UPCOMING_FEATURE_MEMBER_IMPORT_VISIBILITY = YES;
				SWIFT_VERSION = 5.0;
				TARGETED_DEVICE_FAMILY = "1,2";
			};
			name = Debug;
		};
		12C0000D3020000000000001 /* Release configuration for PBXNativeTarget "SupershotWidgets" */ = {
			isa = XCBuildConfiguration;
			buildSettings = {
				APPLICATION_EXTENSION_API_ONLY = YES;
				CODE_SIGN_STYLE = Automatic;
				CURRENT_PROJECT_VERSION = 1;
				DEVELOPMENT_TEAM = 82882Y54S7;
				GENERATE_INFOPLIST_FILE = YES;
				INFOPLIST_FILE = SupershotWidgets/Info.plist;
				IPHONEOS_DEPLOYMENT_TARGET = 27.0;
				LD_RUNPATH_SEARCH_PATHS = (
					"$(inherited)",
					"@executable_path/Frameworks",
					"@executable_path/../../Frameworks",
				);
				MARKETING_VERSION = 1.0;
				PRODUCT_BUNDLE_IDENTIFIER = nz.lapworth.Supershot.Widgets;
				PRODUCT_NAME = "$(TARGET_NAME)";
				SDKROOT = iphoneos;
				SKIP_INSTALL = YES;
				STRING_CATALOG_GENERATE_SYMBOLS = YES;
				SUPPORTED_PLATFORMS = "iphoneos iphonesimulator";
				SWIFT_ACTIVE_COMPILATION_CONDITIONS = "WIDGET_EXTENSION $(inherited)";
				SWIFT_APPROACHABLE_CONCURRENCY = YES;
				SWIFT_DEFAULT_ACTOR_ISOLATION = MainActor;
				SWIFT_EMIT_LOC_STRINGS = YES;
				SWIFT_UPCOMING_FEATURE_MEMBER_IMPORT_VISIBILITY = YES;
				SWIFT_VERSION = 5.0;
				TARGETED_DEVICE_FAMILY = "1,2";
			};
			name = Release;
		};
/* End XCBuildConfiguration section */

/* Begin XCConfigurationList section */
		000000000000000010000000 /* Build configuration list for PBXProject "Supershot" */ = {
			isa = XCConfigurationList;
			buildConfigurations = (
				000000000000000011000000 /* Debug configuration for PBXProject "Supershot" */,
				000000000000000012000000 /* Release configuration for PBXProject "Supershot" */,
			);
			defaultConfigurationName = Release;
		};
		000000000000000110000000 /* Build configuration list for PBXNativeTarget "Supershot" */ = {
			isa = XCConfigurationList;
			buildConfigurations = (
				000000000000000111000000 /* Debug configuration for PBXNativeTarget "Supershot" */,
				000000000000000112000000 /* Release configuration for PBXNativeTarget "Supershot" */,
			);
			defaultConfigurationName = Release;
		};
		12B0000A301F000000000001 /* Build configuration list for PBXNativeTarget "SupershotTests" */ = {
			isa = XCConfigurationList;
			buildConfigurations = (
				12B00010301F000000000001 /* Debug configuration for PBXNativeTarget "SupershotTests" */,
				12B00011301F000000000001 /* Release configuration for PBXNativeTarget "SupershotTests" */,
			);
			defaultConfigurationName = Release;
		};
		12C0000E3020000000000001 /* Build configuration list for PBXNativeTarget "SupershotWidgets" */ = {
			isa = XCConfigurationList;
			buildConfigurations = (
				12C0000C3020000000000001 /* Debug configuration for PBXNativeTarget "SupershotWidgets" */,
				12C0000D3020000000000001 /* Release configuration for PBXNativeTarget "SupershotWidgets" */,
			);
			defaultConfigurationName = Release;
		};
/* End XCConfigurationList section */

/* Begin XCRemoteSwiftPackageReference section */
		121C048E302213DA00ED9B54 /* XCRemoteSwiftPackageReference "purchases-ios-spm" */ = {
			isa = XCRemoteSwiftPackageReference;
			repositoryURL = "https://github.com/RevenueCat/purchases-ios-spm.git";
			requirement = {
				kind = upToNextMajorVersion;
				minimumVersion = 5.83.0;
			};
		};
		1271588D300BEFFD00B14CCB /* XCRemoteSwiftPackageReference "swift-composable-architecture" */ = {
			isa = XCRemoteSwiftPackageReference;
			repositoryURL = "https://github.com/pointfreeco/swift-composable-architecture";
			requirement = {
				kind = upToNextMajorVersion;
				minimumVersion = 1.26.1;
			};
			traits = (
			);
		};
		12715894300D140800B14CCB /* XCRemoteSwiftPackageReference "swift-navigation" */ = {
			isa = XCRemoteSwiftPackageReference;
			repositoryURL = "https://github.com/pointfreeco/swift-navigation";
			requirement = {
				kind = upToNextMajorVersion;
				minimumVersion = 2.10.3;
			};
		};
		12715895300D144600B14CCB /* XCRemoteSwiftPackageReference "swift-sharing" */ = {
			isa = XCRemoteSwiftPackageReference;
			repositoryURL = "https://github.com/pointfreeco/swift-sharing";
			requirement = {
				kind = upToNextMajorVersion;
				minimumVersion = 2.9.1;
			};
			traits = (
			);
		};
		12A4C5FA301E253000094D7C /* XCRemoteSwiftPackageReference "sqlite-data" */ = {
			isa = XCRemoteSwiftPackageReference;
			repositoryURL = "https://github.com/pointfreeco/sqlite-data";
			requirement = {
				kind = upToNextMajorVersion;
				minimumVersion = 1.8.2;
			};
			traits = (
			);
		};
		12A4C607301E25CB00094D7C /* XCRemoteSwiftPackageReference "swift-dependencies" */ = {
			isa = XCRemoteSwiftPackageReference;
			repositoryURL = "https://github.com/pointfreeco/swift-dependencies";
			requirement = {
				kind = upToNextMajorVersion;
				minimumVersion = 1.14.1;
			};
		};
		12B0000C301F000000000001 /* XCRemoteSwiftPackageReference "swift-custom-dump" */ = {
			isa = XCRemoteSwiftPackageReference;
			repositoryURL = "https://github.com/pointfreeco/swift-custom-dump";
			requirement = {
				kind = upToNextMajorVersion;
				minimumVersion = 1.6.1;
			};
		};
/* End XCRemoteSwiftPackageReference section */

/* Begin XCSwiftPackageProductDependency section */
		121C048F302213DA00ED9B54 /* RevenueCat */ = {
			isa = XCSwiftPackageProductDependency;
			package = 121C048E302213DA00ED9B54 /* XCRemoteSwiftPackageReference "purchases-ios-spm" */;
			productName = RevenueCat;
		};
		121C0491302213DA00ED9B54 /* RevenueCatUI */ = {
			isa = XCSwiftPackageProductDependency;
			package = 121C048E302213DA00ED9B54 /* XCRemoteSwiftPackageReference "purchases-ios-spm" */;
			productName = RevenueCatUI;
		};
		12715896300D144600B14CCB /* Sharing */ = {
			isa = XCSwiftPackageProductDependency;
			package = 12715895300D144600B14CCB /* XCRemoteSwiftPackageReference "swift-sharing" */;
			productName = Sharing;
		};
		12A4C608301E25CB00094D7C /* Dependencies */ = {
			isa = XCSwiftPackageProductDependency;
			package = 12A4C607301E25CB00094D7C /* XCRemoteSwiftPackageReference "swift-dependencies" */;
			productName = Dependencies;
		};
		12A4C60A301E25CB00094D7C /* DependenciesMacros */ = {
			isa = XCSwiftPackageProductDependency;
			package = 12A4C607301E25CB00094D7C /* XCRemoteSwiftPackageReference "swift-dependencies" */;
			productName = DependenciesMacros;
		};
		12A4C60C301E25CB00094D7C /* DependenciesTestSupport */ = {
			isa = XCSwiftPackageProductDependency;
			package = 12A4C607301E25CB00094D7C /* XCRemoteSwiftPackageReference "swift-dependencies" */;
			productName = DependenciesTestSupport;
		};
		12A4C60F301E295200094D7C /* SQLiteData */ = {
			isa = XCSwiftPackageProductDependency;
			package = 12A4C5FA301E253000094D7C /* XCRemoteSwiftPackageReference "sqlite-data" */;
			productName = SQLiteData;
		};
		12A4C611301E295800094D7C /* ComposableArchitecture */ = {
			isa = XCSwiftPackageProductDependency;
			package = 1271588D300BEFFD00B14CCB /* XCRemoteSwiftPackageReference "swift-composable-architecture" */;
			productName = ComposableArchitecture;
		};
		12A4C613301E296700094D7C /* SwiftUINavigation */ = {
			isa = XCSwiftPackageProductDependency;
			package = 12715894300D140800B14CCB /* XCRemoteSwiftPackageReference "swift-navigation" */;
			productName = SwiftUINavigation;
		};
		12B0000D301F000000000001 /* CustomDump */ = {
			isa = XCSwiftPackageProductDependency;
			package = 12B0000C301F000000000001 /* XCRemoteSwiftPackageReference "swift-custom-dump" */;
			productName = CustomDump;
		};
/* End XCSwiftPackageProductDependency section */
	};
	rootObject = 000000000000000000000000 /* Project object */;
}
